{
  "nodes": {
    "devenv": {
      "locked": {
        "dir": "src/modules",
        "lastModified": 1785535680,
        "narHash": "sha256-EUiE7qvwa4/YEjq3LP/NhUTGC+5azthJIRd4uA8Bdmc=",
        "owner": "cachix",
        "repo": "devenv",
        "rev": "3e42c6e8268f8bbee09ec0685e9281abe3cf2109",
        "type": "github"
      },
      "original": {
        "dir": "src/modules",
        "owner": "cachix",
        "repo": "devenv",
        "type": "github"
      }
    },
    "fenix": {
      "inputs": {
        "nixpkgs": [
          "nixpkgs"
        ],
        "rust-analyzer-src": "rust-analyzer-src"
      },
      "locked": {
        "lastModified": 1785488171,
        "narHash": "sha256-v1ylO7biFcQ0K/hipStpTeItaPQ7XdspNdWAWPVX9S0=",
        "owner": "nix-community",
        "repo": "fenix",
        "rev": "080d4837db213b64169eb497a97a665773b9225c",
        "type": "github"
      },
      "original": {
        "owner": "nix-community",
        "repo": "fenix",
        "type": "github"
      }
    },
    "nixpkgs": {
      "inputs": {
        "nixpkgs-src": "nixpkgs-src"
      },
      "locked": {
        "lastModified": 1785104946,
        "narHash": "sha256-VLSslwCjlsICjyaUfrS7lGMypmO03fzmDAqhD85Ae84=",
        "owner": "cachix",
        "repo": "devenv-nixpkgs",
        "rev": "c946ff36bf193309589932c371bd5ae6653c912e",
        "type": "github"
      },
      "original": {
        "owner": "cachix",
        "ref": "rolling",
        "repo": "devenv-nixpkgs",
        "type": "github"
      }
    },
    "nixpkgs-src": {
      "flake": false,
      "locked": {
        "lastModified": 1784783405,
        "narHash": "sha256-4IHyyLgLBdKefkljdKod4IMn023pQiDXAWJA187cmdY=",
        "owner": "NixOS",
        "repo": "nixpkgs",
        "rev": "7525d999cd850b9a488817abc89c75dc733acf17",
        "type": "github"
      },
      "original": {
        "owner": "NixOS",
        "ref": "nixpkgs-unstable",
        "repo": "nixpkgs",
        "type": "github"
      }
    },
    "nixpkgs-unstable": {
      "locked": {
        "lastModified": 1785483748,
        "narHash": "sha256-M4HXpLsR7iFTNQfD/q+zK8/QeRYztYVDVIdIgCVGGZ0=",
        "owner": "nixos",
        "repo": "nixpkgs",
        "rev": "59ea0b1c043c463e39fcb3cfb9a5c8bcf0777c72",
        "type": "github"
      },
      "original": {
        "owner": "nixos",
        "ref": "nixpkgs-unstable",
        "repo": "nixpkgs",
        "type": "github"
      }
    },
    "root": {
      "inputs": {
        "devenv": "devenv",
        "fenix": "fenix",
        "nixpkgs": "nixpkgs",
        "nixpkgs-unstable": "nixpkgs-unstable",
        "rust-overlay": "rust-overlay"
      }
    },
    "rust-analyzer-src": {
      "flake": false,
      "locked": {
        "lastModified": 1785428328,
        "narHash": "sha256-JYHLA4QAiUL7D1aRYA93CJaqve3jUpr1jGfJB1yYJ+U=",
        "owner": "rust-lang",
        "repo": "rust-analyzer",
        "rev": "d600cff735a7a78f195e0059484820cdc32023c5",
        "type": "github"
      },
      "original": {
        "owner": "rust-lang",
        "ref": "nightly",
        "repo": "rust-analyzer",
        "type": "github"
      }
    },
    "rust-overlay": {
      "inputs": {
        "nixpkgs": [
          "nixpkgs"
        ]
      },
      "locked": {
        "lastModified": 1785476452,
        "narHash": "sha256-/CXwCFPS41rb/JI2VitKCgVK6V5E6/sfw5ke3B9zyVQ=",
        "owner": "oxalica",
        "repo": "rust-overlay",
        "rev": "6ef009bf4c4873cdc1a621826722bdea7c03e62c",
        "type": "github"
      },
      "original": {
        "owner": "oxalica",
        "repo": "rust-overlay",
        "type": "github"
      }
    }
  },
  "root": "root",
  "version": 7
}