{
  "version": "5",
  "specifiers": {
    "npm:@hono/zod-openapi@^1.4.0": "1.4.0_hono@4.12.28_zod@4.4.3",
    "npm:@hono/zod-validator@0.9": "0.9.0_hono@4.12.28_zod@4.4.3",
    "npm:@libsql/client@~0.17.4": "0.17.4",
    "npm:grammy@1.34.1": "1.34.1",
    "npm:hono@^4.12.28": "4.12.28",
    "npm:zod@^4.4.3": "4.4.3"
  },
  "npm": {
    "@asteasolutions/zod-to-openapi@8.5.0_zod@4.4.3": {
      "integrity": "sha512-SABbKiObg5dLRiTFnqiW1WWwGcg1BJfmHtT2asIBnBHg6Smy/Ms2KHc650+JI4Hw7lSkdiNebEGXpwoxfben8Q==",
      "dependencies": [
        "openapi3-ts",
        "zod"
      ]
    },
    "@grammyjs/types@3.18.0": {
      "integrity": "sha512-/VpQcT6Z0+Lw6H6jv2JvnDmqB1/9rjbFdDBlPBPUW3kQ1bWfjzfaiVk2+J2eiid3o3sLaPp3ZK0XjEI1gWNc3g=="
    },
    "@hono/zod-openapi@1.4.0_hono@4.12.28_zod@4.4.3": {
      "integrity": "sha512-AFchqR1N/NxfI4hUOSGI2/g8zLROxA1OE7Oh5JJFlTaGxhrdRyH+93gd0tIBpb0z8s9r8hUoNnaOBfHbdb4NMw==",
      "dependencies": [
        "@asteasolutions/zod-to-openapi",
        "@hono/zod-validator@0.8.0_hono@4.12.28_zod@4.4.3",
        "hono",
        "openapi3-ts",
        "zod"
      ]
    },
    "@hono/zod-validator@0.8.0_hono@4.12.28_zod@4.4.3": {
      "integrity": "sha512-5uS4S1/LKtZQYvD4BtpPUFkOv8d1wNxHHrChm26buMiEYc1FrHWvDUaKVBwkiVtvSExHSpLGDvcnpI2Copyj9w==",
      "dependencies": [
        "hono",
        "zod"
      ]
    },
    "@hono/zod-validator@0.9.0_hono@4.12.28_zod@4.4.3": {
      "integrity": "sha512-n0ZSXmCiHVIp4Y5wlOOyZCeTd/rsawA/qW1cipB8QOYKZ9N8Tk0nZUZCXho9cu374AN4JpDNKioNKBJ/W+LBug==",
      "dependencies": [
        "hono",
        "zod"
      ]
    },
    "@libsql/client@0.17.4": {
      "integrity": "sha512-lYayFWasDV78A+TjlEhr6ubb3odBV6OHjb+wdp8VQcyWWAEIjuwbCHaraEUS4m4yWoo0BvZo96It4VdzZRmRWw==",
      "dependencies": [
        "@libsql/core",
        "@libsql/hrana-client",
        "js-base64",
        "libsql",
        "promise-limit"
      ]
    },
    "@libsql/core@0.17.4": {
      "integrity": "sha512-LqF9gIvnJ38nmAH1y/ChizHqDO/MO1wLgA96XrraulEEbqXxLjleSH92YWTolbuJKgPUmGu4aJk9W3UnAcxLOQ==",
      "dependencies": [
        "js-base64"
      ]
    },
    "@libsql/darwin-arm64@0.5.29": {
      "integrity": "sha512-K+2RIB1OGFPYQbfay48GakLhqf3ArcbHqPFu7EZiaUcRgFcdw8RoltsMyvbj5ix2fY0HV3Q3Ioa/ByvQdaSM0A==",
      "os": ["darwin"],
      "cpu": ["arm64"]
    },
    "@libsql/darwin-x64@0.5.29": {
      "integrity": "sha512-OtT+KFHsKFy1R5FVadr8FJ2Bb1mghtXTyJkxv0trocq7NuHntSki1eUbxpO5ezJesDvBlqFjnWaYYY516QNLhQ==",
      "os": ["darwin"],
      "cpu": ["x64"]
    },
    "@libsql/hrana-client@0.10.0": {
      "integrity": "sha512-OoA4EMqRAC7kn7V2P6EQqRcpZf2W+AjsNIyCizBg339Tq/aMC7sRnzs3SklderhmQWAqEzvv8A2vhxVmWpkVvw==",
      "dependencies": [
        "@libsql/isomorphic-ws",
        "js-base64"
      ]
    },
    "@libsql/isomorphic-ws@0.1.5": {
      "integrity": "sha512-DtLWIH29onUYR00i0GlQ3UdcTRC6EP4u9w/h9LxpUZJWRMARk6dQwZ6Jkd+QdwVpuAOrdxt18v0K2uIYR3fwFg==",
      "dependencies": [
        "@types/ws",
        "ws"
      ]
    },
    "@libsql/linux-arm-gnueabihf@0.5.29": {
      "integrity": "sha512-CD4n4zj7SJTHso4nf5cuMoWoMSS7asn5hHygsDuhRl8jjjCTT3yE+xdUvI4J7zsyb53VO5ISh4cwwOtf6k2UhQ==",
      "os": ["linux"],
      "cpu": ["arm"]
    },
    "@libsql/linux-arm-musleabihf@0.5.29": {
      "integrity": "sha512-2Z9qBVpEJV7OeflzIR3+l5yAd4uTOLxklScYTwpZnkm2vDSGlC1PRlueLaufc4EFITkLKXK2MWBpexuNJfMVcg==",
      "os": ["linux"],
      "cpu": ["arm"]
    },
    "@libsql/linux-arm64-gnu@0.5.29": {
      "integrity": "sha512-gURBqaiXIGGwFNEaUj8Ldk7Hps4STtG+31aEidCk5evMMdtsdfL3HPCpvys+ZF/tkOs2MWlRWoSq7SOuCE9k3w==",
      "os": ["linux"],
      "cpu": ["arm64"]
    },
    "@libsql/linux-arm64-musl@0.5.29": {
      "integrity": "sha512-fwgYZ0H8mUkyVqXZHF3mT/92iIh1N94Owi/f66cPVNsk9BdGKq5gVpoKO+7UxaNzuEH1roJp2QEwsCZMvBLpqg==",
      "os": ["linux"],
      "cpu": ["arm64"]
    },
    "@libsql/linux-x64-gnu@0.5.29": {
      "integrity": "sha512-y14V0vY0nmMC6G0pHeJcEarcnGU2H6cm21ZceRkacWHvQAEhAG0latQkCtoS2njFOXiYIg+JYPfAoWKbi82rkg==",
      "os": ["linux"],
      "cpu": ["x64"]
    },
    "@libsql/linux-x64-musl@0.5.29": {
      "integrity": "sha512-gquqwA/39tH4pFl+J9n3SOMSymjX+6kZ3kWgY3b94nXFTwac9bnFNMffIomgvlFaC4ArVqMnOZD3nuJ3H3VO1w==",
      "os": ["linux"],
      "cpu": ["x64"]
    },
    "@libsql/win32-x64-msvc@0.5.29": {
      "integrity": "sha512-4/0CvEdhi6+KjMxMaVbFM2n2Z44escBRoEYpR+gZg64DdetzGnYm8mcNLcoySaDJZNaBd6wz5DNdgRmcI4hXcg==",
      "os": ["win32"],
      "cpu": ["x64"]
    },
    "@neon-rs/load@0.0.4": {
      "integrity": "sha512-kTPhdZyTQxB+2wpiRcFWrDcejc4JI6tkPuS7UZCG4l6Zvc5kU/gGQ/ozvHTh1XR5tS+UlfAfGuPajjzQjCiHCw=="
    },
    "@types/node@26.1.1": {
      "integrity": "sha512-nxAkRSVkN1Y0JC1W8ky/fTfkGsMmcrRsbx+3XoZE+rMOX71kLYTV7fLXpqud1GpbpP5TuffXFqfX7fH2GgZREw==",
      "dependencies": [
        "undici-types"
      ]
    },
    "@types/ws@8.18.1": {
      "integrity": "sha512-ThVF6DCVhA8kUGy+aazFQ4kXQ7E1Ty7A3ypFOe0IcJV8O/M511G99AW24irKrW56Wt44yG9+ij8FaqoBGkuBXg==",
      "dependencies": [
        "@types/node"
      ]
    },
    "abort-controller@3.0.0": {
      "integrity": "sha512-h8lQ8tacZYnR3vNQTgibj+tODHI5/+l06Au2Pcriv/Gmet0eaj4TwWH41sO9wnHDiQsEj19q0drzdWdeAHtweg==",
      "dependencies": [
        "event-target-shim"
      ]
    },
    "debug@4.4.3": {
      "integrity": "sha512-RGwwWnwQvkVfavKVt22FGLw+xYSdzARwm0ru6DhTVA3umU5hZc28V3kO4stgYryrTlLpuvgI9GiijltAjNbcqA==",
      "dependencies": [
        "ms"
      ]
    },
    "detect-libc@2.0.2": {
      "integrity": "sha512-UX6sGumvvqSaXgdKGUsgZWqcUyIXZ/vZTrlRT/iobiKhGL0zL4d3osHj3uqllWJK+i+sixDS/3COVEOFbupFyw=="
    },
    "event-target-shim@5.0.1": {
      "integrity": "sha512-i/2XbnSz/uxRCU6+NdVJgKWDTM427+MqYbkQzD321DuCQJUqOuJKIA0IM2+W2xtYHdKOmZ4dR6fExsd4SXL+WQ=="
    },
    "grammy@1.34.1": {
      "integrity": "sha512-0ypt5d1bna8CqSANlDCg2ce1sx87oDm9gjyPRHWYpAgvjy3WYW9oEmMllAYCWCZ3vHDULW5x14jBMXai51ar0Q==",
      "dependencies": [
        "@grammyjs/types",
        "abort-controller",
        "debug",
        "node-fetch"
      ]
    },
    "hono@4.12.28": {
      "integrity": "sha512-YwUvVpSF7m1yOblFPrU3Hbo8XhPheBoiyfGuII6z19LnOr6JpDnyyp7LFNrfV56wS8tpvtBFGRISHN02pDdLOA=="
    },
    "js-base64@3.9.1": {
      "integrity": "sha512-U73qptcvf/HIOauFOmqT3a0mDUp0MYlfd15oqoe9kqZt5XhiXVb+HG09sLvI9PQ9tZIBFS4nlErai8zbWazP0g=="
    },
    "libsql@0.5.29": {
      "integrity": "sha512-8lMP8iMgiBzzoNbAPQ59qdVcj6UaE/Vnm+fiwX4doX4Narook0a4GPKWBEv+CR8a1OwbfkgL18uBfBjWdF0Fzg==",
      "dependencies": [
        "@neon-rs/load",
        "detect-libc"
      ],
      "optionalDependencies": [
        "@libsql/darwin-arm64",
        "@libsql/darwin-x64",
        "@libsql/linux-arm-gnueabihf",
        "@libsql/linux-arm-musleabihf",
        "@libsql/linux-arm64-gnu",
        "@libsql/linux-arm64-musl",
        "@libsql/linux-x64-gnu",
        "@libsql/linux-x64-musl",
        "@libsql/win32-x64-msvc"
      ],
      "os": ["darwin", "linux", "win32"],
      "cpu": ["x64", "arm64", "wasm32", "arm"]
    },
    "ms@2.1.3": {
      "integrity": "sha512-6FlzubTLZG3J2a/NVCAleEhjzq5oxgHyaCU9yYXvcLsvoVaHJq/s5xXI6/XXP6tz7R9xAOtHnSO/tXtF3WRTlA=="
    },
    "node-fetch@2.7.0": {
      "integrity": "sha512-c4FRfUm/dbcWZ7U+1Wq0AwCyFL+3nt2bEw05wfxSz+DWpWsitgmSgYmy2dQdWyKC1694ELPqMs/YzUSNozLt8A==",
      "dependencies": [
        "whatwg-url"
      ]
    },
    "openapi3-ts@4.6.0": {
      "integrity": "sha512-a4sfn6L2sIShhtzJqmjGrARvxAW/3F2BJDdyRVvNF9VhAsZSh5hSyI3a9TNvmzBxXmq66nY5LNT5bQcBxYAZZg==",
      "dependencies": [
        "yaml"
      ]
    },
    "promise-limit@2.7.0": {
      "integrity": "sha512-7nJ6v5lnJsXwGprnGXga4wx6d1POjvi5Qmf1ivTRxTjH4Z/9Czja/UCMLVmB9N93GeWOU93XaFaEt6jbuoagNw=="
    },
    "tr46@0.0.3": {
      "integrity": "sha512-N3WMsuqV66lT30CrXNbEjx4GEwlow3v6rr4mCcv6prnfwhS01rkgyFdjPNBYd9br7LpXV1+Emh01fHnq2Gdgrw=="
    },
    "undici-types@8.3.0": {
      "integrity": "sha512-j375ScV60dom+YkPFIfTLcOiPxkN/buHz5GobjLhixFuANaNs3C9l4GmrWqejgXWJ7BbJcFYpTEUkS1Ge8bpZQ=="
    },
    "webidl-conversions@3.0.1": {
      "integrity": "sha512-2JAn3z8AR6rjK8Sm8orRC0h/bcl/DqL7tRPdGZ4I1CjdF+EaMLmYxBHyXuKL849eucPFhvBoxMsflfOb8kxaeQ=="
    },
    "whatwg-url@5.0.0": {
      "integrity": "sha512-saE57nupxk6v3HY35+jzBwYa0rKSy0XR8JSxZPwgLr7ys0IBzhGviA1/TUGJLmSVqs8pb9AnvICXEuOHLprYTw==",
      "dependencies": [
        "tr46",
        "webidl-conversions"
      ]
    },
    "ws@8.21.1": {
      "integrity": "sha512-+0NTnW77fFN/DjQi6k/Sq/Yvk4Sgajw7urW8V+asjXnRgDs9gyGkdb7EzgfhA4goXsRIZKE28fzIXBHEzhuiWw=="
    },
    "yaml@2.9.0": {
      "integrity": "sha512-2AvhNX3mb8zd6Zy7INTtSpl1F15HW6Wnqj0srWlkKLcpYl/gMIMJiyuGq2KeI2YFxUPjdlB+3Lc10seMLtL4cA==",
      "bin": true
    },
    "zod@4.4.3": {
      "integrity": "sha512-ytENFjIJFl2UwYglde2jchW2Hwm4GJFLDiSXWdTrJQBIN9Fcyp7n4DhxJEiWNAJMV1/BqWfW/kkg71UDcHJyTQ=="
    }
  },
  "remote": {
    "https://deno.land/std@0.224.0/encoding/_util.ts": "beacef316c1255da9bc8e95afb1fa56ed69baef919c88dc06ae6cb7a6103d376",
    "https://deno.land/std@0.224.0/encoding/hex.ts": "6270f25e5d85f99fcf315278670ba012b04b7c94b67715b53f30d03249687c07"
  },
  "workspace": {
    "dependencies": [
      "npm:@hono/zod-openapi@^1.4.0",
      "npm:@hono/zod-validator@0.9",
      "npm:@libsql/client@~0.17.4",
      "npm:grammy@1.34.1",
      "npm:hono@^4.12.28",
      "npm:zod@^4.4.3"
    ]
  }
}
